// !$*UTF8*$!
{
	archiveVersion = 1;
	classes = {
	};
	objectVersion = 46;
	objects = {

/* Begin PBXBuildFile section */
		70C120171DD2724B008BB2EB /* AppDelegate.swift in Sources */ = {isa = PBXBuildFile; fileRef = 70C120161DD2724B008BB2EB /* AppDelegate.swift */; };
		70C120191DD2724B008BB2EB /* ViewController.swift in Sources */ = {isa = PBXBuildFile; fileRef = 70C120181DD2724B008BB2EB /* ViewController.swift */; };
		70C1201C1DD2724B008BB2EB /* Main.storyboard in Resources */ = {isa = PBXBuildFile; fileRef = 70C1201A1DD2724B008BB2EB /* Main.storyboard */; };
		70C1201E1DD2724B008BB2EB /* Assets.xcassets in Resources */ = {isa = PBXBuildFile; fileRef = 70C1201D1DD2724B008BB2EB /* Assets.xcassets */; };
		70C120211DD2724B008BB2EB /* LaunchScreen.storyboard in Resources */ = {isa = PBXBuildFile; fileRef = 70C1201F1DD2724B008BB2EB /* LaunchScreen.storyboard */; };
		70C1202A1DD27268008BB2EB /* PolygonShape.swift in Sources */ = {isa = PBXBuildFile; fileRef = 70C120281DD27268008BB2EB /* PolygonShape.swift */; };
		70C1202B1DD27268008BB2EB /* PolygonView.swift in Sources */ = {isa = PBXBuildFile; fileRef = 70C120291DD27268008BB2EB /* PolygonView.swift */; };
/* End PBXBuildFile section */

/* Begin PBXFileReference section */
		70C120131DD2724B008BB2EB /* Polygons.app */ = {isa = PBXFileReference; explicitFileType = wrapper.application; includeInIndex = 0; path = Polygons.app; sourceTree = BUILT_PRODUCTS_DIR; };
		70C120161DD2724B008BB2EB /* AppDelegate.swift */ = {isa = PBXFileReference; lastKnownFileType = sourcecode.swift; path = AppDelegate.swift; sourceTree = "<group>"; };
		70C120181DD2724B008BB2EB /* ViewController.swift */ = {isa = PBXFileReference; lastKnownFileType = sourcecode.swift; path = ViewController.swift; sourceTree = "<group>"; };
		70C1201B1DD2724B008BB2EB /* Base */ = {isa = PBXFileReference; lastKnownFileType = file.storyboard; name = Base; path = Base.lproj/Main.storyboard; sourceTree = "<group>"; };
		70C1201D1DD2724B008BB2EB /* Assets.xcassets */ = {isa = PBXFileReference; lastKnownFileType = folder.assetcatalog; path = Assets.xcassets; sourceTree = "<group>"; };
		70C120201DD2724B008BB2EB /* Base */ = {isa = PBXFileReference; lastKnownFileType = file.storyboard; name = Base; path = Base.lproj/LaunchScreen.storyboard; sourceTree = "<group>"; };
		70C120221DD2724B008BB2EB /* Info.plist */ = {isa = PBXFileReference; lastKnownFileType = text.plist.xml; path = Info.plist; sourceTree = "<group>"; };
		70C120281DD27268008BB2EB /* PolygonShape.swift */ = {isa = PBXFileReference; fileEncoding = 4; lastKnownFileType = sourcecode.swift; path = PolygonShape.swift; sourceTree = "<group>"; };
		70C120291DD27268008BB2EB /* PolygonView.swift */ = {isa = PBXFileReference; fileEncoding = 4; lastKnownFileType = sourcecode.swift; path = PolygonView.swift; sourceTree = "<group>"; };
/* End PBXFileReference section */

/* Begin PBXFrameworksBuildPhase section */
		70C120101DD2724B008BB2EB /* Frameworks */ = {
			isa = PBXFrameworksBuildPhase;
			buildActionMask = 2147483647;
			files = (
			);
			runOnlyForDeploymentPostprocessing = 0;
		};
/* End PBXFrameworksBuildPhase section */

/* Begin PBXGroup section */
		70C1200A1DD2724B008BB2EB = {
			isa = PBXGroup;
			children = (
				70C120151DD2724B008BB2EB /* Polygons */,
				70C120141DD2724B008BB2EB /* Products */,
			);
			sourceTree = "<group>";
		};
		70C120141DD2724B008BB2EB /* Products */ = {
			isa = PBXGroup;
			children = (
				70C120131DD2724B008BB2EB /* Polygons.app */,
			);
			name = Products;
			sourceTree = "<group>";
		};
		70C120151DD2724B008BB2EB /* Polygons */ = {
			isa = PBXGroup;
			children = (
				70C120281DD27268008BB2EB /* PolygonShape.swift */,
				70C120291DD27268008BB2EB /* PolygonView.swift */,
				70C120161DD2724B008BB2EB /* AppDelegate.swift */,
				70C120181DD2724B008BB2EB /* ViewController.swift */,
				70C1201A1DD2724B008BB2EB /* Main.storyboard */,
				70C1201D1DD2724B008BB2EB /* Assets.xcassets */,
				70C1201F1DD2724B008BB2EB /* LaunchScreen.storyboard */,
				70C120221DD2724B008BB2EB /* Info.plist */,
			);
			path = Polygons;
			sourceTree = "<group>";
		};
/* End PBXGroup section */

/* Begin PBXNativeTarget section */
		70C120121DD2724B008BB2EB /* Polygons */ = {
			isa = PBXNativeTarget;
			buildConfigurationList = 70C120251DD2724B008BB2EB /* Build configuration list for PBXNativeTarget "Polygons" */;
			buildPhases = (
				70C1200F1DD2724B008BB2EB /* Sources */,
				70C120101DD2724B008BB2EB /* Frameworks */,
				70C120111DD2724B008BB2EB /* Resources */,
			);
			buildRules = (
			);
			dependencies = (
			);
			name = Polygons;
			productName = Polygons;
			productReference = 70C120131DD2724B008BB2EB /* Polygons.app */;
			productType = "com.apple.product-type.application";
		};
/* End PBXNativeTarget section */

/* Begin PBXProject section */
		70C1200B1DD2724B008BB2EB /* Project object */ = {
			isa = PBXProject;
			attributes = {
				LastSwiftUpdateCheck = 0730;
				LastUpgradeCheck = 0730;
				ORGANIZATIONNAME = "Northern Illinois University";
				TargetAttributes = {
					70C120121DD2724B008BB2EB = {
						CreatedOnToolsVersion = 7.3.1;
					};
				};
			};
			buildConfigurationList = 70C1200E1DD2724B008BB2EB /* Build configuration list for PBXProject "Polygons" */;
			compatibilityVersion = "Xcode 3.2";
			developmentRegion = English;
			hasScannedForEncodings = 0;
			knownRegions = (
				en,
				Base,
			);
			mainGroup = 70C1200A1DD2724B008BB2EB;
			productRefGroup = 70C120141DD2724B008BB2EB /* Products */;
			projectDirPath = "";
			projectRoot = "";
			targets = (
				70C120121DD2724B008BB2EB /* Polygons */,
			);
		};
/* End PBXProject section */

/* Begin PBXResourcesBuildPhase section */
		70C120111DD2724B008BB2EB /* Resources */ = {
			isa = PBXResourcesBuildPhase;
			buildActionMask = 2147483647;
			files = (
				70C120211DD2724B008BB2EB /* LaunchScreen.storyboard in Resources */,
				70C1201E1DD2724B008BB2EB /* Assets.xcassets in Resources */,
				70C1201C1DD2724B008BB2EB /* Main.storyboard in Resources */,
			);
			runOnlyForDeploymentPostprocessing = 0;
		};
/* End PBXResourcesBuildPhase section */

/* Begin PBXSourcesBuildPhase section */
		70C1200F1DD2724B008BB2EB /* Sources */ = {
			isa = PBXSourcesBuildPhase;
			buildActionMask = 2147483647;
			files = (
				70C120191DD2724B008BB2EB /* ViewController.swift in Sources */,
				70C120171DD2724B008BB2EB /* AppDelegate.swift in Sources */,
				70C1202A1DD27268008BB2EB /* PolygonShape.swift in Sources */,
				70C1202B1DD27268008BB2EB /* PolygonView.swift in Sources */,
			);
			runOnlyForDeploymentPostprocessing = 0;
		};
/* End PBXSourcesBuildPhase section */

/* Begin PBXVariantGroup section */
		70C1201A1DD2724B008BB2EB /* Main.storyboard */ = {
			isa = PBXVariantGroup;
			children = (
				70C1201B1DD2724B008BB2EB /* Base */,
			);
			name = Main.storyboard;
			sourceTree = "<group>";
		};
		70C1201F1DD2724B008BB2EB /* LaunchScreen.storyboard */ = {
			isa = PBXVariantGroup;
			children = (
				70C120201DD2724B008BB2EB /* Base */,
			);
			name = LaunchScreen.storyboard;
			sourceTree = "<group>";
		};
/* End PBXVariantGroup section */

/* Begin XCBuildConfiguration section */
		70C120231DD2724B008BB2EB /* Debug */ = {
			isa = XCBuildConfiguration;
			buildSettings = {
				ALWAYS_SEARCH_USER_PATHS = NO;
				CLANG_ANALYZER_NONNULL = YES;
				CLANG_CXX_LANGUAGE_STANDARD = "gnu++0x";
				CLANG_CXX_LIBRARY = "libc++";
				CLANG_ENABLE_MODULES = YES;
				CLANG_ENABLE_OBJC_ARC = YES;
				CLANG_WARN_BOOL_CONVERSION = YES;
				CLANG_WARN_CONSTANT_CONVERSION = YES;
				CLANG_WARN_DIRECT_OBJC_ISA_USAGE = YES_ERROR;
				CLANG_WARN_EMPTY_BODY = YES;
				CLANG_WARN_ENUM_CONVERSION = YES;
				CLANG_WARN_INT_CONVERSION = YES;
				CLANG_WARN_OBJC_ROOT_CLASS = YES_ERROR;
				CLANG_WARN_UNREACHABLE_CODE = YES;
				CLANG_WARN__DUPLICATE_METHOD_MATCH = YES;
				"CODE_SIGN_IDENTITY[sdk=iphoneos*]" = "iPhone Developer";
				COPY_PHASE_STRIP = NO;
				DEBUG_INFORMATION_FORMAT = dwarf;
				ENABLE_STRICT_OBJC_MSGSEND = YES;
				ENABLE_TESTABILITY = YES;
				GCC_C_LANGUAGE_STANDARD = gnu99;
				GCC_DYNAMIC_NO_PIC = NO;
				GCC_NO_COMMON_BLOCKS = YES;
				GCC_OPTIMIZATION_LEVEL = 0;
				GCC_PREPROCESSOR_DEFINITIONS = (
					"DEBUG=1",
					"$(inherited)",
				);
				GCC_WARN_64_TO_32_BIT_CONVERSION = YES;
				GCC_WARN_ABOUT_RETURN_TYPE = YES_ERROR;
				GCC_WARN_UNDECLARED_SELECTOR = YES;
				GCC_WARN_UNINITIALIZED_AUTOS = YES_AGGRESSIVE;
				GCC_WARN_UNUSED_FUNCTION = YES;
				GCC_WARN_UNUSED_VARIABLE = YES;
				IPHONEOS_DEPLOYMENT_TARGET = 9.3;
				MTL_ENABLE_DEBUG_INFO = YES;
				ONLY_ACTIVE_ARCH = YES;
				SDKROOT = iphoneos;
				SWIFT_OPTIMIZATION_LEVEL = "-Onone";
			};
			name = Debug;
		};
		70C120241DD2724B008BB2EB /* Release */ = {
			isa = XCBuildConfiguration;
			buildSettings = {
				ALWAYS_SEARCH_USER_PATHS = NO;
				CLANG_ANALYZER_NONNULL = YES;
				CLANG_CXX_LANGUAGE_STANDARD = "gnu++0x";
				CLANG_CXX_LIBRARY = "libc++";
				CLANG_ENABLE_MODULES = YES;
				CLANG_ENABLE_OBJC_ARC = YES;
				CLANG_WARN_BOOL_CONVERSION = YES;
				CLANG_WARN_CONSTANT_CONVERSION = YES;
				CLANG_WARN_DIRECT_OBJC_ISA_USAGE = YES_ERROR;
				CLANG_WARN_EMPTY_BODY = YES;
				CLANG_WARN_ENUM_CONVERSION = YES;
				CLANG_WARN_INT_CONVERSION = YES;
				CLANG_WARN_OBJC_ROOT_CLASS = YES_ERROR;
				CLANG_WARN_UNREACHABLE_CODE = YES;
				CLANG_WARN__DUPLICATE_METHOD_MATCH = YES;
				"CODE_SIGN_IDENTITY[sdk=iphoneos*]" = "iPhone Developer";
				COPY_PHASE_STRIP = NO;
				DEBUG_INFORMATION_FORMAT = "dwarf-with-dsym";
				ENABLE_NS_ASSERTIONS = NO;
				ENABLE_STRICT_OBJC_MSGSEND = YES;
				GCC_C_LANGUAGE_STANDARD = gnu99;
				GCC_NO_COMMON_BLOCKS = YES;
				GCC_WARN_64_TO_32_BIT_CONVERSION = YES;
				GCC_WARN_ABOUT_RETURN_TYPE = YES_ERROR;
				GCC_WARN_UNDECLARED_SELECTOR = YES;
				GCC_WARN_UNINITIALIZED_AUTOS = YES_AGGRESSIVE;
				GCC_WARN_UNUSED_FUNCTION = YES;
				GCC_WARN_UNUSED_VARIABLE = YES;
				IPHONEOS_DEPLOYMENT_TARGET = 9.3;
				MTL_ENABLE_DEBUG_INFO = NO;
				SDKROOT = iphoneos;
				VALIDATE_PRODUCT = YES;
			};
			name = Release;
		};
		70C120261DD2724B008BB2EB /* Debug */ = {
			isa = XCBuildConfiguration;
			buildSettings = {
				ASSETCATALOG_COMPILER_APPICON_NAME = AppIcon;
				INFOPLIST_FILE = Polygons/Info.plist;
				LD_RUNPATH_SEARCH_PATHS = "$(inherited) @executable_path/Frameworks";
				PRODUCT_BUNDLE_IDENTIFIER = edu.niu.cs.t90kjm1.Polygons;
				PRODUCT_NAME = "$(TARGET_NAME)";
			};
			name = Debug;
		};
		70C120271DD2724B008BB2EB /* Release */ = {
			isa = XCBuildConfiguration;
			buildSettings = {
				ASSETCATALOG_COMPILER_APPICON_NAME = AppIcon;
				INFOPLIST_FILE = Polygons/Info.plist;
				LD_RUNPATH_SEARCH_PATHS = "$(inherited) @executable_path/Frameworks";
				PRODUCT_BUNDLE_IDENTIFIER = edu.niu.cs.t90kjm1.Polygons;
				PRODUCT_NAME = "$(TARGET_NAME)";
			};
			name = Release;
		};
/* End XCBuildConfiguration section */

/* Begin XCConfigurationList section */
		70C1200E1DD2724B008BB2EB /* Build configuration list for PBXProject "Polygons" */ = {
			isa = XCConfigurationList;
			buildConfigurations = (
				70C120231DD2724B008BB2EB /* Debug */,
				70C120241DD2724B008BB2EB /* Release */,
			);
			defaultConfigurationIsVisible = 0;
			defaultConfigurationName = Release;
		};
		70C120251DD2724B008BB2EB /* Build configuration list for PBXNativeTarget "Polygons" */ = {
			isa = XCConfigurationList;
			buildConfigurations = (
				70C120261DD2724B008BB2EB /* Debug */,
				70C120271DD2724B008BB2EB /* Release */,
			);
			defaultConfigurationIsVisible = 0;
		};
/* End XCConfigurationList section */
	};
	rootObject = 70C1200B1DD2724B008BB2EB /* Project object */;
}
