// !$*UTF8*$!
{
	archiveVersion = 1;
	classes = {
	};
	objectVersion = 46;
	objects = {

/* Begin PBXBuildFile section */
		7007E3891DB0709000CAFCBC /* AppDelegate.swift in Sources */ = {isa = PBXBuildFile; fileRef = 7007E3881DB0709000CAFCBC /* AppDelegate.swift */; };
		7007E38B1DB0709000CAFCBC /* MasterViewController.swift in Sources */ = {isa = PBXBuildFile; fileRef = 7007E38A1DB0709000CAFCBC /* MasterViewController.swift */; };
		7007E38D1DB0709000CAFCBC /* DetailViewController.swift in Sources */ = {isa = PBXBuildFile; fileRef = 7007E38C1DB0709000CAFCBC /* DetailViewController.swift */; };
		7007E3901DB0709000CAFCBC /* Main.storyboard in Resources */ = {isa = PBXBuildFile; fileRef = 7007E38E1DB0709000CAFCBC /* Main.storyboard */; };
		7007E3921DB0709000CAFCBC /* Assets.xcassets in Resources */ = {isa = PBXBuildFile; fileRef = 7007E3911DB0709000CAFCBC /* Assets.xcassets */; };
		7007E3951DB0709000CAFCBC /* LaunchScreen.storyboard in Resources */ = {isa = PBXBuildFile; fileRef = 7007E3931DB0709000CAFCBC /* LaunchScreen.storyboard */; };
		7007E39D1DB070BD00CAFCBC /* MCUCharacter.swift in Sources */ = {isa = PBXBuildFile; fileRef = 7007E39C1DB070BD00CAFCBC /* MCUCharacter.swift */; };
		7092F9591DB3E04A00D19D21 /* AddCharacterViewController.swift in Sources */ = {isa = PBXBuildFile; fileRef = 7092F9581DB3E04A00D19D21 /* AddCharacterViewController.swift */; };
		7092F95B1DB3EBA200D19D21 /* PickerViewTextField.swift in Sources */ = {isa = PBXBuildFile; fileRef = 7092F95A1DB3EBA100D19D21 /* PickerViewTextField.swift */; };
		F329EADA1DD0D04D00D8FCA2 /* ImageProvider.swift in Sources */ = {isa = PBXBuildFile; fileRef = F329EAD91DD0D04D00D8FCA2 /* ImageProvider.swift */; };
		F329EADC1DD0D21600D8FCA2 /* MCUCharacterCell.swift in Sources */ = {isa = PBXBuildFile; fileRef = F329EADB1DD0D21600D8FCA2 /* MCUCharacterCell.swift */; };
/* End PBXBuildFile section */

/* Begin PBXFileReference section */
		7007E3851DB0709000CAFCBC /* MCU.app */ = {isa = PBXFileReference; explicitFileType = wrapper.application; includeInIndex = 0; path = MCU.app; sourceTree = BUILT_PRODUCTS_DIR; };
		7007E3881DB0709000CAFCBC /* AppDelegate.swift */ = {isa = PBXFileReference; lastKnownFileType = sourcecode.swift; path = AppDelegate.swift; sourceTree = "<group>"; };
		7007E38A1DB0709000CAFCBC /* MasterViewController.swift */ = {isa = PBXFileReference; lastKnownFileType = sourcecode.swift; path = MasterViewController.swift; sourceTree = "<group>"; };
		7007E38C1DB0709000CAFCBC /* DetailViewController.swift */ = {isa = PBXFileReference; lastKnownFileType = sourcecode.swift; path = DetailViewController.swift; sourceTree = "<group>"; };
		7007E38F1DB0709000CAFCBC /* Base */ = {isa = PBXFileReference; lastKnownFileType = file.storyboard; name = Base; path = Base.lproj/Main.storyboard; sourceTree = "<group>"; };
		7007E3911DB0709000CAFCBC /* Assets.xcassets */ = {isa = PBXFileReference; lastKnownFileType = folder.assetcatalog; path = Assets.xcassets; sourceTree = "<group>"; };
		7007E3941DB0709000CAFCBC /* Base */ = {isa = PBXFileReference; lastKnownFileType = file.storyboard; name = Base; path = Base.lproj/LaunchScreen.storyboard; sourceTree = "<group>"; };
		7007E3961DB0709000CAFCBC /* Info.plist */ = {isa = PBXFileReference; lastKnownFileType = text.plist.xml; path = Info.plist; sourceTree = "<group>"; };
		7007E39C1DB070BD00CAFCBC /* MCUCharacter.swift */ = {isa = PBXFileReference; fileEncoding = 4; lastKnownFileType = sourcecode.swift; path = MCUCharacter.swift; sourceTree = "<group>"; };
		7092F9581DB3E04A00D19D21 /* AddCharacterViewController.swift */ = {isa = PBXFileReference; fileEncoding = 4; lastKnownFileType = sourcecode.swift; path = AddCharacterViewController.swift; sourceTree = "<group>"; };
		7092F95A1DB3EBA100D19D21 /* PickerViewTextField.swift */ = {isa = PBXFileReference; fileEncoding = 4; lastKnownFileType = sourcecode.swift; path = PickerViewTextField.swift; sourceTree = "<group>"; };
		F329EAD91DD0D04D00D8FCA2 /* ImageProvider.swift */ = {isa = PBXFileReference; fileEncoding = 4; lastKnownFileType = sourcecode.swift; path = ImageProvider.swift; sourceTree = "<group>"; };
		F329EADB1DD0D21600D8FCA2 /* MCUCharacterCell.swift */ = {isa = PBXFileReference; fileEncoding = 4; lastKnownFileType = sourcecode.swift; path = MCUCharacterCell.swift; sourceTree = "<group>"; };
/* End PBXFileReference section */

/* Begin PBXFrameworksBuildPhase section */
		7007E3821DB0709000CAFCBC /* Frameworks */ = {
			isa = PBXFrameworksBuildPhase;
			buildActionMask = 2147483647;
			files = (
			);
			runOnlyForDeploymentPostprocessing = 0;
		};
/* End PBXFrameworksBuildPhase section */

/* Begin PBXGroup section */
		7007E37C1DB0709000CAFCBC = {
			isa = PBXGroup;
			children = (
				7007E3871DB0709000CAFCBC /* MCU */,
				7007E3861DB0709000CAFCBC /* Products */,
			);
			sourceTree = "<group>";
		};
		7007E3861DB0709000CAFCBC /* Products */ = {
			isa = PBXGroup;
			children = (
				7007E3851DB0709000CAFCBC /* MCU.app */,
			);
			name = Products;
			sourceTree = "<group>";
		};
		7007E3871DB0709000CAFCBC /* MCU */ = {
			isa = PBXGroup;
			children = (
				F329EAD91DD0D04D00D8FCA2 /* ImageProvider.swift */,
				7007E3881DB0709000CAFCBC /* AppDelegate.swift */,
				7007E38A1DB0709000CAFCBC /* MasterViewController.swift */,
				7007E38C1DB0709000CAFCBC /* DetailViewController.swift */,
				7007E39C1DB070BD00CAFCBC /* MCUCharacter.swift */,
				7092F9581DB3E04A00D19D21 /* AddCharacterViewController.swift */,
				7092F95A1DB3EBA100D19D21 /* PickerViewTextField.swift */,
				F329EADB1DD0D21600D8FCA2 /* MCUCharacterCell.swift */,
				7007E38E1DB0709000CAFCBC /* Main.storyboard */,
				7007E3911DB0709000CAFCBC /* Assets.xcassets */,
				7007E3931DB0709000CAFCBC /* LaunchScreen.storyboard */,
				7007E3961DB0709000CAFCBC /* Info.plist */,
			);
			path = MCU;
			sourceTree = "<group>";
		};
/* End PBXGroup section */

/* Begin PBXNativeTarget section */
		7007E3841DB0709000CAFCBC /* MCU */ = {
			isa = PBXNativeTarget;
			buildConfigurationList = 7007E3991DB0709000CAFCBC /* Build configuration list for PBXNativeTarget "MCU" */;
			buildPhases = (
				7007E3811DB0709000CAFCBC /* Sources */,
				7007E3821DB0709000CAFCBC /* Frameworks */,
				7007E3831DB0709000CAFCBC /* Resources */,
			);
			buildRules = (
			);
			dependencies = (
			);
			name = MCU;
			productName = MCU;
			productReference = 7007E3851DB0709000CAFCBC /* MCU.app */;
			productType = "com.apple.product-type.application";
		};
/* End PBXNativeTarget section */

/* Begin PBXProject section */
		7007E37D1DB0709000CAFCBC /* Project object */ = {
			isa = PBXProject;
			attributes = {
				LastSwiftUpdateCheck = 0730;
				LastUpgradeCheck = 0730;
				ORGANIZATIONNAME = "Northern Illinois University";
				TargetAttributes = {
					7007E3841DB0709000CAFCBC = {
						CreatedOnToolsVersion = 7.3.1;
					};
				};
			};
			buildConfigurationList = 7007E3801DB0709000CAFCBC /* Build configuration list for PBXProject "MCU" */;
			compatibilityVersion = "Xcode 3.2";
			developmentRegion = English;
			hasScannedForEncodings = 0;
			knownRegions = (
				en,
				Base,
			);
			mainGroup = 7007E37C1DB0709000CAFCBC;
			productRefGroup = 7007E3861DB0709000CAFCBC /* Products */;
			projectDirPath = "";
			projectRoot = "";
			targets = (
				7007E3841DB0709000CAFCBC /* MCU */,
			);
		};
/* End PBXProject section */

/* Begin PBXResourcesBuildPhase section */
		7007E3831DB0709000CAFCBC /* Resources */ = {
			isa = PBXResourcesBuildPhase;
			buildActionMask = 2147483647;
			files = (
				7007E3951DB0709000CAFCBC /* LaunchScreen.storyboard in Resources */,
				7007E3921DB0709000CAFCBC /* Assets.xcassets in Resources */,
				7007E3901DB0709000CAFCBC /* Main.storyboard in Resources */,
			);
			runOnlyForDeploymentPostprocessing = 0;
		};
/* End PBXResourcesBuildPhase section */

/* Begin PBXSourcesBuildPhase section */
		7007E3811DB0709000CAFCBC /* Sources */ = {
			isa = PBXSourcesBuildPhase;
			buildActionMask = 2147483647;
			files = (
				7092F9591DB3E04A00D19D21 /* AddCharacterViewController.swift in Sources */,
				7007E38D1DB0709000CAFCBC /* DetailViewController.swift in Sources */,
				7092F95B1DB3EBA200D19D21 /* PickerViewTextField.swift in Sources */,
				F329EADC1DD0D21600D8FCA2 /* MCUCharacterCell.swift in Sources */,
				7007E38B1DB0709000CAFCBC /* MasterViewController.swift in Sources */,
				7007E3891DB0709000CAFCBC /* AppDelegate.swift in Sources */,
				F329EADA1DD0D04D00D8FCA2 /* ImageProvider.swift in Sources */,
				7007E39D1DB070BD00CAFCBC /* MCUCharacter.swift in Sources */,
			);
			runOnlyForDeploymentPostprocessing = 0;
		};
/* End PBXSourcesBuildPhase section */

/* Begin PBXVariantGroup section */
		7007E38E1DB0709000CAFCBC /* Main.storyboard */ = {
			isa = PBXVariantGroup;
			children = (
				7007E38F1DB0709000CAFCBC /* Base */,
			);
			name = Main.storyboard;
			sourceTree = "<group>";
		};
		7007E3931DB0709000CAFCBC /* LaunchScreen.storyboard */ = {
			isa = PBXVariantGroup;
			children = (
				7007E3941DB0709000CAFCBC /* Base */,
			);
			name = LaunchScreen.storyboard;
			sourceTree = "<group>";
		};
/* End PBXVariantGroup section */

/* Begin XCBuildConfiguration section */
		7007E3971DB0709000CAFCBC /* Debug */ = {
			isa = XCBuildConfiguration;
			buildSettings = {
				ALWAYS_SEARCH_USER_PATHS = NO;
				CLANG_ANALYZER_NONNULL = YES;
				CLANG_CXX_LANGUAGE_STANDARD = "gnu++0x";
				CLANG_CXX_LIBRARY = "libc++";
				CLANG_ENABLE_MODULES = YES;
				CLANG_ENABLE_OBJC_ARC = YES;
				CLANG_WARN_BOOL_CONVERSION = YES;
				CLANG_WARN_CONSTANT_CONVERSION = YES;
				CLANG_WARN_DIRECT_OBJC_ISA_USAGE = YES_ERROR;
				CLANG_WARN_EMPTY_BODY = YES;
				CLANG_WARN_ENUM_CONVERSION = YES;
				CLANG_WARN_INT_CONVERSION = YES;
				CLANG_WARN_OBJC_ROOT_CLASS = YES_ERROR;
				CLANG_WARN_UNREACHABLE_CODE = YES;
				CLANG_WARN__DUPLICATE_METHOD_MATCH = YES;
				"CODE_SIGN_IDENTITY[sdk=iphoneos*]" = "iPhone Developer";
				COPY_PHASE_STRIP = NO;
				DEBUG_INFORMATION_FORMAT = dwarf;
				ENABLE_STRICT_OBJC_MSGSEND = YES;
				ENABLE_TESTABILITY = YES;
				GCC_C_LANGUAGE_STANDARD = gnu99;
				GCC_DYNAMIC_NO_PIC = NO;
				GCC_NO_COMMON_BLOCKS = YES;
				GCC_OPTIMIZATION_LEVEL = 0;
				GCC_PREPROCESSOR_DEFINITIONS = (
					"DEBUG=1",
					"$(inherited)",
				);
				GCC_WARN_64_TO_32_BIT_CONVERSION = YES;
				GCC_WARN_ABOUT_RETURN_TYPE = YES_ERROR;
				GCC_WARN_UNDECLARED_SELECTOR = YES;
				GCC_WARN_UNINITIALIZED_AUTOS = YES_AGGRESSIVE;
				GCC_WARN_UNUSED_FUNCTION = YES;
				GCC_WARN_UNUSED_VARIABLE = YES;
				IPHONEOS_DEPLOYMENT_TARGET = 9.3;
				MTL_ENABLE_DEBUG_INFO = YES;
				ONLY_ACTIVE_ARCH = YES;
				SDKROOT = iphoneos;
				SWIFT_OPTIMIZATION_LEVEL = "-Onone";
			};
			name = Debug;
		};
		7007E3981DB0709000CAFCBC /* Release */ = {
			isa = XCBuildConfiguration;
			buildSettings = {
				ALWAYS_SEARCH_USER_PATHS = NO;
				CLANG_ANALYZER_NONNULL = YES;
				CLANG_CXX_LANGUAGE_STANDARD = "gnu++0x";
				CLANG_CXX_LIBRARY = "libc++";
				CLANG_ENABLE_MODULES = YES;
				CLANG_ENABLE_OBJC_ARC = YES;
				CLANG_WARN_BOOL_CONVERSION = YES;
				CLANG_WARN_CONSTANT_CONVERSION = YES;
				CLANG_WARN_DIRECT_OBJC_ISA_USAGE = YES_ERROR;
				CLANG_WARN_EMPTY_BODY = YES;
				CLANG_WARN_ENUM_CONVERSION = YES;
				CLANG_WARN_INT_CONVERSION = YES;
				CLANG_WARN_OBJC_ROOT_CLASS = YES_ERROR;
				CLANG_WARN_UNREACHABLE_CODE = YES;
				CLANG_WARN__DUPLICATE_METHOD_MATCH = YES;
				"CODE_SIGN_IDENTITY[sdk=iphoneos*]" = "iPhone Developer";
				COPY_PHASE_STRIP = NO;
				DEBUG_INFORMATION_FORMAT = "dwarf-with-dsym";
				ENABLE_NS_ASSERTIONS = NO;
				ENABLE_STRICT_OBJC_MSGSEND = YES;
				GCC_C_LANGUAGE_STANDARD = gnu99;
				GCC_NO_COMMON_BLOCKS = YES;
				GCC_WARN_64_TO_32_BIT_CONVERSION = YES;
				GCC_WARN_ABOUT_RETURN_TYPE = YES_ERROR;
				GCC_WARN_UNDECLARED_SELECTOR = YES;
				GCC_WARN_UNINITIALIZED_AUTOS = YES_AGGRESSIVE;
				GCC_WARN_UNUSED_FUNCTION = YES;
				GCC_WARN_UNUSED_VARIABLE = YES;
				IPHONEOS_DEPLOYMENT_TARGET = 9.3;
				MTL_ENABLE_DEBUG_INFO = NO;
				SDKROOT = iphoneos;
				VALIDATE_PRODUCT = YES;
			};
			name = Release;
		};
		7007E39A1DB0709000CAFCBC /* Debug */ = {
			isa = XCBuildConfiguration;
			buildSettings = {
				ASSETCATALOG_COMPILER_APPICON_NAME = AppIcon;
				INFOPLIST_FILE = MCU/Info.plist;
				LD_RUNPATH_SEARCH_PATHS = "$(inherited) @executable_path/Frameworks";
				PRODUCT_BUNDLE_IDENTIFIER = edu.niu.cs.t90kjm1.MCU;
				PRODUCT_NAME = "$(TARGET_NAME)";
			};
			name = Debug;
		};
		7007E39B1DB0709000CAFCBC /* Release */ = {
			isa = XCBuildConfiguration;
			buildSettings = {
				ASSETCATALOG_COMPILER_APPICON_NAME = AppIcon;
				INFOPLIST_FILE = MCU/Info.plist;
				LD_RUNPATH_SEARCH_PATHS = "$(inherited) @executable_path/Frameworks";
				PRODUCT_BUNDLE_IDENTIFIER = edu.niu.cs.t90kjm1.MCU;
				PRODUCT_NAME = "$(TARGET_NAME)";
			};
			name = Release;
		};
/* End XCBuildConfiguration section */

/* Begin XCConfigurationList section */
		7007E3801DB0709000CAFCBC /* Build configuration list for PBXProject "MCU" */ = {
			isa = XCConfigurationList;
			buildConfigurations = (
				7007E3971DB0709000CAFCBC /* Debug */,
				7007E3981DB0709000CAFCBC /* Release */,
			);
			defaultConfigurationIsVisible = 0;
			defaultConfigurationName = Release;
		};
		7007E3991DB0709000CAFCBC /* Build configuration list for PBXNativeTarget "MCU" */ = {
			isa = XCConfigurationList;
			buildConfigurations = (
				7007E39A1DB0709000CAFCBC /* Debug */,
				7007E39B1DB0709000CAFCBC /* Release */,
			);
			defaultConfigurationIsVisible = 0;
			defaultConfigurationName = Release;
		};
/* End XCConfigurationList section */
	};
	rootObject = 7007E37D1DB0709000CAFCBC /* Project object */;
}
